
Microsoft Visual Studio Solution File, Format Version 12.00
# Visual Studio Version 17
VisualStudioVersion = 17.0.31507.378
MinimumVisualStudioVersion = 10.0.40219.1
Project("{9A19103F-16F7-4668-BE54-9A1E7A4F7556}") = "VirtualListView", "VirtualListView\VirtualListView.csproj", "{A9A8DB17-C520-4C3A-B078-6B611C0087A4}"
EndProject
Project("{9A19103F-16F7-4668-BE54-9A1E7A4F7556}") = "VirtualListViewSample", "Sample\VirtualListViewSample\VirtualListViewSample.csproj", "{120A8666-8EAD-40D3-BD57-ADC935961FDF}"
EndProject
Project("{2150E333-8FDC-42A3-9474-1A3956D46DE8}") = "Solution Items", "Solution Items", "{425F9024-B234-45C8-9A44-E2B12A0764DB}"
	ProjectSection(SolutionItems) = preProject
		.editorconfig = .editorconfig
	EndProjectSection
EndProject
Global
	GlobalSection(SolutionConfigurationPlatforms) = preSolution
		Debug|Any CPU = Debug|Any CPU
		Debug|ARM = Debug|ARM
		Debug|arm64 = Debug|arm64
		Debug|iPhone = Debug|iPhone
		Debug|iPhoneSimulator = Debug|iPhoneSimulator
		Debug|x64 = Debug|x64
		Debug|x86 = Debug|x86
		Release|Any CPU = Release|Any CPU
		Release|ARM = Release|ARM
		Release|arm64 = Release|arm64
		Release|iPhone = Release|iPhone
		Release|iPhoneSimulator = Release|iPhoneSimulator
		Release|x64 = Release|x64
		Release|x86 = Release|x86
	EndGlobalSection
	GlobalSection(ProjectConfigurationPlatforms) = postSolution
		{A9A8DB17-C520-4C3A-B078-6B611C0087A4}.Debug|Any CPU.ActiveCfg = Debug|Any CPU
		{A9A8DB17-C520-4C3A-B078-6B611C0087A4}.Debug|Any CPU.Build.0 = Debug|Any CPU
		{A9A8DB17-C520-4C3A-B078-6B611C0087A4}.Debug|ARM.ActiveCfg = Debug|Any CPU
		{A9A8DB17-C520-4C3A-B078-6B611C0087A4}.Debug|ARM.Build.0 = Debug|Any CPU
		{A9A8DB17-C520-4C3A-B078-6B611C0087A4}.Debug|arm64.ActiveCfg = Debug|Any CPU
		{A9A8DB17-C520-4C3A-B078-6B611C0087A4}.Debug|arm64.Build.0 = Debug|Any CPU
		{A9A8DB17-C520-4C3A-B078-6B611C0087A4}.Debug|arm64.Deploy.0 = Debug|Any CPU
		{A9A8DB17-C520-4C3A-B078-6B611C0087A4}.Debug|iPhone.ActiveCfg = Debug|Any CPU
		{A9A8DB17-C520-4C3A-B078-6B611C0087A4}.Debug|iPhone.Build.0 = Debug|Any CPU
		{A9A8DB17-C520-4C3A-B078-6B611C0087A4}.Debug|iPhoneSimulator.ActiveCfg = Debug|Any CPU
		{A9A8DB17-C520-4C3A-B078-6B611C0087A4}.Debug|iPhoneSimulator.Build.0 = Debug|Any CPU
		{A9A8DB17-C520-4C3A-B078-6B611C0087A4}.Debug|x64.ActiveCfg = Debug|Any CPU
		{A9A8DB17-C520-4C3A-B078-6B611C0087A4}.Debug|x64.Build.0 = Debug|Any CPU
		{A9A8DB17-C520-4C3A-B078-6B611C0087A4}.Debug|x86.ActiveCfg = Debug|Any CPU
		{A9A8DB17-C520-4C3A-B078-6B611C0087A4}.Debug|x86.Build.0 = Debug|Any CPU
		{A9A8DB17-C520-4C3A-B078-6B611C0087A4}.Release|Any CPU.ActiveCfg = Release|Any CPU
		{A9A8DB17-C520-4C3A-B078-6B611C0087A4}.Release|Any CPU.Build.0 = Release|Any CPU
		{A9A8DB17-C520-4C3A-B078-6B611C0087A4}.Release|ARM.ActiveCfg = Release|Any CPU
		{A9A8DB17-C520-4C3A-B078-6B611C0087A4}.Release|ARM.Build.0 = Release|Any CPU
		{A9A8DB17-C520-4C3A-B078-6B611C0087A4}.Release|arm64.ActiveCfg = Release|Any CPU
		{A9A8DB17-C520-4C3A-B078-6B611C0087A4}.Release|arm64.Build.0 = Release|Any CPU
		{A9A8DB17-C520-4C3A-B078-6B611C0087A4}.Release|arm64.Deploy.0 = Release|Any CPU
		{A9A8DB17-C520-4C3A-B078-6B611C0087A4}.Release|iPhone.ActiveCfg = Release|Any CPU
		{A9A8DB17-C520-4C3A-B078-6B611C0087A4}.Release|iPhone.Build.0 = Release|Any CPU
		{A9A8DB17-C520-4C3A-B078-6B611C0087A4}.Release|iPhoneSimulator.ActiveCfg = Release|Any CPU
		{A9A8DB17-C520-4C3A-B078-6B611C0087A4}.Release|iPhoneSimulator.Build.0 = Release|Any CPU
		{A9A8DB17-C520-4C3A-B078-6B611C0087A4}.Release|x64.ActiveCfg = Release|Any CPU
		{A9A8DB17-C520-4C3A-B078-6B611C0087A4}.Release|x64.Build.0 = Release|Any CPU
		{A9A8DB17-C520-4C3A-B078-6B611C0087A4}.Release|x86.ActiveCfg = Release|Any CPU
		{A9A8DB17-C520-4C3A-B078-6B611C0087A4}.Release|x86.Build.0 = Release|Any CPU
		{120A8666-8EAD-40D3-BD57-ADC935961FDF}.Debug|Any CPU.ActiveCfg = Debug|Any CPU
		{120A8666-8EAD-40D3-BD57-ADC935961FDF}.Debug|Any CPU.Build.0 = Debug|Any CPU
		{120A8666-8EAD-40D3-BD57-ADC935961FDF}.Debug|Any CPU.Deploy.0 = Debug|Any CPU
		{120A8666-8EAD-40D3-BD57-ADC935961FDF}.Debug|ARM.ActiveCfg = Debug|arm64
		{120A8666-8EAD-40D3-BD57-ADC935961FDF}.Debug|ARM.Build.0 = Debug|arm64
		{120A8666-8EAD-40D3-BD57-ADC935961FDF}.Debug|arm64.ActiveCfg = Debug|arm64
		{120A8666-8EAD-40D3-BD57-ADC935961FDF}.Debug|arm64.Build.0 = Debug|arm64
		{120A8666-8EAD-40D3-BD57-ADC935961FDF}.Debug|iPhone.ActiveCfg = Debug|Any CPU
		{120A8666-8EAD-40D3-BD57-ADC935961FDF}.Debug|iPhone.Build.0 = Debug|Any CPU
		{120A8666-8EAD-40D3-BD57-ADC935961FDF}.Debug|iPhoneSimulator.ActiveCfg = Debug|Any CPU
		{120A8666-8EAD-40D3-BD57-ADC935961FDF}.Debug|iPhoneSimulator.Build.0 = Debug|Any CPU
		{120A8666-8EAD-40D3-BD57-ADC935961FDF}.Debug|x64.ActiveCfg = Debug|Any CPU
		{120A8666-8EAD-40D3-BD57-ADC935961FDF}.Debug|x64.Build.0 = Debug|Any CPU
		{120A8666-8EAD-40D3-BD57-ADC935961FDF}.Debug|x86.ActiveCfg = Debug|x86
		{120A8666-8EAD-40D3-BD57-ADC935961FDF}.Debug|x86.Build.0 = Debug|x86
		{120A8666-8EAD-40D3-BD57-ADC935961FDF}.Release|Any CPU.ActiveCfg = Release|Any CPU
		{120A8666-8EAD-40D3-BD57-ADC935961FDF}.Release|Any CPU.Build.0 = Release|Any CPU
		{120A8666-8EAD-40D3-BD57-ADC935961FDF}.Release|Any CPU.Deploy.0 = Release|Any CPU
		{120A8666-8EAD-40D3-BD57-ADC935961FDF}.Release|ARM.ActiveCfg = Release|Any CPU
		{120A8666-8EAD-40D3-BD57-ADC935961FDF}.Release|ARM.Build.0 = Release|Any CPU
		{120A8666-8EAD-40D3-BD57-ADC935961FDF}.Release|arm64.ActiveCfg = Release|arm64
		{120A8666-8EAD-40D3-BD57-ADC935961FDF}.Release|arm64.Build.0 = Release|arm64
		{120A8666-8EAD-40D3-BD57-ADC935961FDF}.Release|iPhone.ActiveCfg = Release|Any CPU
		{120A8666-8EAD-40D3-BD57-ADC935961FDF}.Release|iPhone.Build.0 = Release|Any CPU
		{120A8666-8EAD-40D3-BD57-ADC935961FDF}.Release|iPhoneSimulator.ActiveCfg = Release|Any CPU
		{120A8666-8EAD-40D3-BD57-ADC935961FDF}.Release|iPhoneSimulator.Build.0 = Release|Any CPU
		{120A8666-8EAD-40D3-BD57-ADC935961FDF}.Release|x64.ActiveCfg = Release|Any CPU
		{120A8666-8EAD-40D3-BD57-ADC935961FDF}.Release|x64.Build.0 = Release|Any CPU
		{120A8666-8EAD-40D3-BD57-ADC935961FDF}.Release|x86.ActiveCfg = Release|Any CPU
		{120A8666-8EAD-40D3-BD57-ADC935961FDF}.Release|x86.Build.0 = Release|Any CPU
	EndGlobalSection
	GlobalSection(SolutionProperties) = preSolution
		HideSolutionNode = FALSE
	EndGlobalSection
	GlobalSection(ExtensibilityGlobals) = postSolution
		SolutionGuid = {FFA7CA39-D291-4AB8-B05F-7C756522584C}
	EndGlobalSection
EndGlobal
