
Microsoft Visual Studio Solution File, Format Version 12.00
# Visual Studio Version 16
VisualStudioVersion = 16.0.808.6
MinimumVisualStudioVersion = 10.0.40219.1
Project("{FAE04EC0-301F-11D3-BF4B-00C04F79EFBC}") = "SlimListViewSample.Android", "Sample\SlimListViewSample.Android\SlimListViewSample.Android.csproj", "{CEF6AE47-294F-4FD9-B6C1-7C5B33B14FAD}"
EndProject
Project("{FAE04EC0-301F-11D3-BF4B-00C04F79EFBC}") = "SlimListViewSample.iOS", "Sample\SlimListViewSample.iOS\SlimListViewSample.iOS.csproj", "{94D968CE-35F4-47B3-BEC1-198793B519D2}"
EndProject
Project("{9A19103F-16F7-4668-BE54-9A1E7A4F7556}") = "SlimListViewSample", "Sample\SlimListViewSample\SlimListViewSample.csproj", "{8E40D048-B354-4C0C-A716-0F2125602BD7}"
EndProject
Project("{9A19103F-16F7-4668-BE54-9A1E7A4F7556}") = "XFSlimListView", "XFSlimListView\XFSlimListView.csproj", "{E765C825-4810-48EE-A258-41E0ACF9B894}"
EndProject
Global
	GlobalSection(SolutionConfigurationPlatforms) = preSolution
		Debug|Any CPU = Debug|Any CPU
		Debug|iPhone = Debug|iPhone
		Debug|iPhoneSimulator = Debug|iPhoneSimulator
		Release|Any CPU = Release|Any CPU
		Release|iPhone = Release|iPhone
		Release|iPhoneSimulator = Release|iPhoneSimulator
	EndGlobalSection
	GlobalSection(ProjectConfigurationPlatforms) = postSolution
		{CEF6AE47-294F-4FD9-B6C1-7C5B33B14FAD}.Debug|Any CPU.ActiveCfg = Debug|Any CPU
		{CEF6AE47-294F-4FD9-B6C1-7C5B33B14FAD}.Debug|Any CPU.Build.0 = Debug|Any CPU
		{CEF6AE47-294F-4FD9-B6C1-7C5B33B14FAD}.Debug|Any CPU.Deploy.0 = Debug|Any CPU
		{CEF6AE47-294F-4FD9-B6C1-7C5B33B14FAD}.Debug|iPhone.ActiveCfg = Debug|Any CPU
		{CEF6AE47-294F-4FD9-B6C1-7C5B33B14FAD}.Debug|iPhone.Build.0 = Debug|Any CPU
		{CEF6AE47-294F-4FD9-B6C1-7C5B33B14FAD}.Debug|iPhoneSimulator.ActiveCfg = Debug|Any CPU
		{CEF6AE47-294F-4FD9-B6C1-7C5B33B14FAD}.Debug|iPhoneSimulator.Build.0 = Debug|Any CPU
		{CEF6AE47-294F-4FD9-B6C1-7C5B33B14FAD}.Release|Any CPU.ActiveCfg = Release|Any CPU
		{CEF6AE47-294F-4FD9-B6C1-7C5B33B14FAD}.Release|Any CPU.Build.0 = Release|Any CPU
		{CEF6AE47-294F-4FD9-B6C1-7C5B33B14FAD}.Release|iPhone.ActiveCfg = Release|Any CPU
		{CEF6AE47-294F-4FD9-B6C1-7C5B33B14FAD}.Release|iPhone.Build.0 = Release|Any CPU
		{CEF6AE47-294F-4FD9-B6C1-7C5B33B14FAD}.Release|iPhoneSimulator.ActiveCfg = Release|Any CPU
		{CEF6AE47-294F-4FD9-B6C1-7C5B33B14FAD}.Release|iPhoneSimulator.Build.0 = Release|Any CPU
		{94D968CE-35F4-47B3-BEC1-198793B519D2}.Debug|Any CPU.ActiveCfg = Debug|iPhoneSimulator
		{94D968CE-35F4-47B3-BEC1-198793B519D2}.Debug|Any CPU.Build.0 = Debug|iPhoneSimulator
		{94D968CE-35F4-47B3-BEC1-198793B519D2}.Debug|iPhone.ActiveCfg = Debug|iPhone
		{94D968CE-35F4-47B3-BEC1-198793B519D2}.Debug|iPhone.Build.0 = Debug|iPhone
		{94D968CE-35F4-47B3-BEC1-198793B519D2}.Debug|iPhoneSimulator.ActiveCfg = Debug|iPhoneSimulator
		{94D968CE-35F4-47B3-BEC1-198793B519D2}.Debug|iPhoneSimulator.Build.0 = Debug|iPhoneSimulator
		{94D968CE-35F4-47B3-BEC1-198793B519D2}.Release|Any CPU.ActiveCfg = Release|iPhoneSimulator
		{94D968CE-35F4-47B3-BEC1-198793B519D2}.Release|Any CPU.Build.0 = Release|iPhoneSimulator
		{94D968CE-35F4-47B3-BEC1-198793B519D2}.Release|iPhone.ActiveCfg = Release|iPhone
		{94D968CE-35F4-47B3-BEC1-198793B519D2}.Release|iPhone.Build.0 = Release|iPhone
		{94D968CE-35F4-47B3-BEC1-198793B519D2}.Release|iPhoneSimulator.ActiveCfg = Release|iPhoneSimulator
		{94D968CE-35F4-47B3-BEC1-198793B519D2}.Release|iPhoneSimulator.Build.0 = Release|iPhoneSimulator
		{8E40D048-B354-4C0C-A716-0F2125602BD7}.Debug|Any CPU.ActiveCfg = Debug|Any CPU
		{8E40D048-B354-4C0C-A716-0F2125602BD7}.Debug|Any CPU.Build.0 = Debug|Any CPU
		{8E40D048-B354-4C0C-A716-0F2125602BD7}.Debug|iPhone.ActiveCfg = Debug|Any CPU
		{8E40D048-B354-4C0C-A716-0F2125602BD7}.Debug|iPhone.Build.0 = Debug|Any CPU
		{8E40D048-B354-4C0C-A716-0F2125602BD7}.Debug|iPhoneSimulator.ActiveCfg = Debug|Any CPU
		{8E40D048-B354-4C0C-A716-0F2125602BD7}.Debug|iPhoneSimulator.Build.0 = Debug|Any CPU
		{8E40D048-B354-4C0C-A716-0F2125602BD7}.Release|Any CPU.ActiveCfg = Release|Any CPU
		{8E40D048-B354-4C0C-A716-0F2125602BD7}.Release|Any CPU.Build.0 = Release|Any CPU
		{8E40D048-B354-4C0C-A716-0F2125602BD7}.Release|iPhone.ActiveCfg = Release|Any CPU
		{8E40D048-B354-4C0C-A716-0F2125602BD7}.Release|iPhone.Build.0 = Release|Any CPU
		{8E40D048-B354-4C0C-A716-0F2125602BD7}.Release|iPhoneSimulator.ActiveCfg = Release|Any CPU
		{8E40D048-B354-4C0C-A716-0F2125602BD7}.Release|iPhoneSimulator.Build.0 = Release|Any CPU
		{E765C825-4810-48EE-A258-41E0ACF9B894}.Debug|Any CPU.ActiveCfg = Debug|Any CPU
		{E765C825-4810-48EE-A258-41E0ACF9B894}.Debug|Any CPU.Build.0 = Debug|Any CPU
		{E765C825-4810-48EE-A258-41E0ACF9B894}.Debug|iPhone.ActiveCfg = Debug|Any CPU
		{E765C825-4810-48EE-A258-41E0ACF9B894}.Debug|iPhone.Build.0 = Debug|Any CPU
		{E765C825-4810-48EE-A258-41E0ACF9B894}.Debug|iPhoneSimulator.ActiveCfg = Debug|Any CPU
		{E765C825-4810-48EE-A258-41E0ACF9B894}.Debug|iPhoneSimulator.Build.0 = Debug|Any CPU
		{E765C825-4810-48EE-A258-41E0ACF9B894}.Release|Any CPU.ActiveCfg = Release|Any CPU
		{E765C825-4810-48EE-A258-41E0ACF9B894}.Release|Any CPU.Build.0 = Release|Any CPU
		{E765C825-4810-48EE-A258-41E0ACF9B894}.Release|iPhone.ActiveCfg = Release|Any CPU
		{E765C825-4810-48EE-A258-41E0ACF9B894}.Release|iPhone.Build.0 = Release|Any CPU
		{E765C825-4810-48EE-A258-41E0ACF9B894}.Release|iPhoneSimulator.ActiveCfg = Release|Any CPU
		{E765C825-4810-48EE-A258-41E0ACF9B894}.Release|iPhoneSimulator.Build.0 = Release|Any CPU
	EndGlobalSection
	GlobalSection(SolutionProperties) = preSolution
		HideSolutionNode = FALSE
	EndGlobalSection
	GlobalSection(ExtensibilityGlobals) = postSolution
		SolutionGuid = {FFA7CA39-D291-4AB8-B05F-7C756522584C}
	EndGlobalSection
EndGlobal
